<?xml version="1.0" encoding="utf-8"?>
<Project ToolsVersion="4.0" xmlns="http://schemas.microsoft.com/developer/msbuild/2003">
  <ItemGroup>
    <Object Include="..\..\..\..\..\..\Irvine\Lib32\Irvine32_Library\Irvine32.obj" />
  </ItemGroup>
  <ItemGroup>
    <MASM Include="P0_Plantilla.asm" />
    <MASM Include="P1_introAreglos.asm" />
    <MASM Include="P2_registros_esi_edi_.asm" />
    <MASM Include="P3_accesoArreglos.asm" />
    <MASM Include="P4_modificarArreglo.asm" />
    <MASM Include="P5_recorridoArreglo.asm" />
    <MASM Include="P6_arreglos_dword.asm" />
    <MASM Include="P7_accesoPosNdeArreglo.asm" />
    <MASM Include="P9_accesoPosNdeArregloB.asm" />
    <MASM Include="P8_introArreglosBidimensionales.asm" />
    <MASM Include="P10_recorridoArregloB.asm" />
    <MASM Include="P11_copiarCadena.asm" />
    <MASM Include="P12_compararCadenas.asm" />
    <MASM Include="P13_buscarEnCadena.asm" />
    <MASM Include="P14_indiceCaracterEnCadena.asm" />
    <MASM Include="P15_almacenaCaraacterEnCadena.asm" />
    <MASM Include="P16_cargarCaracterToAcumulador.asm" />
    <MASM Include="P17_EjemploREP.asm" />
    <MASM Include="P18_Ejemplo2REP.asm" />
    <MASM Include="P19_EjemploPrefijosRepeticion.asm" />
    <MASM Include="P20_PlantillaProyectoUnidad.asm" />
  </ItemGroup>
  <ItemGroup>
    <None Include="MACROS.inc" />
  </ItemGroup>
</Project>